
Microsoft Visual Studio Solution File, Format Version 12.00
# Visual Studio Version 16
VisualStudioVersion = 16.0.30309.148
MinimumVisualStudioVersion = 10.0.40219.1
Project("{FAE04EC0-301F-11D3-BF4B-00C04F79EFBC}") = "Pro 1-3", "Pro 1-3\Pro 1-3.csproj", "{FCDDD603-F3F5-41AE-B9FB-B7FE02401D64}"
EndProject
Global
	GlobalSection(SolutionConfigurationPlatforms) = preSolution
		Debug|Any CPU = Debug|Any CPU
		Release|Any CPU = Release|Any CPU
	EndGlobalSection
	GlobalSection(ProjectConfigurationPlatforms) = postSolution
		{FCDDD603-F3F5-41AE-B9FB-B7FE02401D64}.Debug|Any CPU.ActiveCfg = Debug|Any CPU
		{FCDDD603-F3F5-41AE-B9FB-B7FE02401D64}.Debug|Any CPU.Build.0 = Debug|Any CPU
		{FCDDD603-F3F5-41AE-B9FB-B7FE02401D64}.Release|Any CPU.ActiveCfg = Release|Any CPU
		{FCDDD603-F3F5-41AE-B9FB-B7FE02401D64}.Release|Any CPU.Build.0 = Release|Any CPU
	EndGlobalSection
	GlobalSection(SolutionProperties) = preSolution
		HideSolutionNode = FALSE
	EndGlobalSection
	GlobalSection(ExtensibilityGlobals) = postSolution
		SolutionGuid = {20CEAE97-4D85-4850-87CD-0F312CE33C8E}
	EndGlobalSection
EndGlobal
